
Microsoft Visual Studio Solution File, Format Version 12.00
# Visual Studio 15
VisualStudioVersion = 15.0.26403.7
MinimumVisualStudioVersion = 10.0.40219.1
Project("{FAE04EC0-301F-11D3-BF4B-00C04F79EFBC}") = "CYKAlgorithm", "CYKAlgorithm\CYKAlgorithm.csproj", "{FA7395CD-7F13-494A-B65D-5E52CF9886C2}"
EndProject
Project("{FAE04EC0-301F-11D3-BF4B-00C04F79EFBC}") = "CYKWPF", "CYKWPF\CYKWPF.csproj", "{789D94FB-EB19-4C0A-B127-2546C0360AA8}"
EndProject
Global
	GlobalSection(SolutionConfigurationPlatforms) = preSolution
		Debug|Any CPU = Debug|Any CPU
		Release|Any CPU = Release|Any CPU
	EndGlobalSection
	GlobalSection(ProjectConfigurationPlatforms) = postSolution
		{FA7395CD-7F13-494A-B65D-5E52CF9886C2}.Debug|Any CPU.ActiveCfg = Debug|Any CPU
		{FA7395CD-7F13-494A-B65D-5E52CF9886C2}.Debug|Any CPU.Build.0 = Debug|Any CPU
		{FA7395CD-7F13-494A-B65D-5E52CF9886C2}.Release|Any CPU.ActiveCfg = Release|Any CPU
		{FA7395CD-7F13-494A-B65D-5E52CF9886C2}.Release|Any CPU.Build.0 = Release|Any CPU
		{789D94FB-EB19-4C0A-B127-2546C0360AA8}.Debug|Any CPU.ActiveCfg = Debug|Any CPU
		{789D94FB-EB19-4C0A-B127-2546C0360AA8}.Debug|Any CPU.Build.0 = Debug|Any CPU
		{789D94FB-EB19-4C0A-B127-2546C0360AA8}.Release|Any CPU.ActiveCfg = Release|Any CPU
		{789D94FB-EB19-4C0A-B127-2546C0360AA8}.Release|Any CPU.Build.0 = Release|Any CPU
	EndGlobalSection
	GlobalSection(SolutionProperties) = preSolution
		HideSolutionNode = FALSE
	EndGlobalSection
EndGlobal
